// !$*UTF8*$!
{
	archiveVersion = 1;
	classes = {
	};
	objectVersion = 46;
	objects = {

/* Begin PBXBuildFile section */
		3F0563FF1DCA27CD00BAB19F /* SwiftyJSON.swift in Sources */ = {isa = PBXBuildFile; fileRef = 3F0563FE1DCA27CD00BAB19F /* SwiftyJSON.swift */; };
		3F4A81111DBFA41F005711CA /* AppDelegate.swift in Sources */ = {isa = PBXBuildFile; fileRef = 3F4A81101DBFA41F005711CA /* AppDelegate.swift */; };
		3F4A81131DBFA41F005711CA /* ViewController.swift in Sources */ = {isa = PBXBuildFile; fileRef = 3F4A81121DBFA41F005711CA /* ViewController.swift */; };
		3F4A81161DBFA41F005711CA /* Main.storyboard in Resources */ = {isa = PBXBuildFile; fileRef = 3F4A81141DBFA41F005711CA /* Main.storyboard */; };
		3F4A81181DBFA41F005711CA /* Assets.xcassets in Resources */ = {isa = PBXBuildFile; fileRef = 3F4A81171DBFA41F005711CA /* Assets.xcassets */; };
		3F4A811B1DBFA41F005711CA /* LaunchScreen.storyboard in Resources */ = {isa = PBXBuildFile; fileRef = 3F4A81191DBFA41F005711CA /* LaunchScreen.storyboard */; };
		3F4A81261DBFA420005711CA /* Weather_AppTests.swift in Sources */ = {isa = PBXBuildFile; fileRef = 3F4A81251DBFA420005711CA /* Weather_AppTests.swift */; };
		3F4A81311DBFA420005711CA /* Weather_AppUITests.swift in Sources */ = {isa = PBXBuildFile; fileRef = 3F4A81301DBFA420005711CA /* Weather_AppUITests.swift */; };
		3F8786ED1DC78F8200D71813 /* Hour.swift in Sources */ = {isa = PBXBuildFile; fileRef = 3F8786EC1DC78F8200D71813 /* Hour.swift */; };
/* End PBXBuildFile section */

/* Begin PBXContainerItemProxy section */
		3F4A81221DBFA420005711CA /* PBXContainerItemProxy */ = {
			isa = PBXContainerItemProxy;
			containerPortal = 3F4A81051DBFA41F005711CA /* Project object */;
			proxyType = 1;
			remoteGlobalIDString = 3F4A810C1DBFA41F005711CA;
			remoteInfo = "Weather App";
		};
		3F4A812D1DBFA420005711CA /* PBXContainerItemProxy */ = {
			isa = PBXContainerItemProxy;
			containerPortal = 3F4A81051DBFA41F005711CA /* Project object */;
			proxyType = 1;
			remoteGlobalIDString = 3F4A810C1DBFA41F005711CA;
			remoteInfo = "Weather App";
		};
/* End PBXContainerItemProxy section */

/* Begin PBXFileReference section */
		3F0563FE1DCA27CD00BAB19F /* SwiftyJSON.swift */ = {isa = PBXFileReference; fileEncoding = 4; lastKnownFileType = sourcecode.swift; name = SwiftyJSON.swift; path = ../../../../../Downloads/SwiftyJSON.swift; sourceTree = "<group>"; };
		3F4A810D1DBFA41F005711CA /* Weather App.app */ = {isa = PBXFileReference; explicitFileType = wrapper.application; includeInIndex = 0; path = "Weather App.app"; sourceTree = BUILT_PRODUCTS_DIR; };
		3F4A81101DBFA41F005711CA /* AppDelegate.swift */ = {isa = PBXFileReference; lastKnownFileType = sourcecode.swift; path = AppDelegate.swift; sourceTree = "<group>"; };
		3F4A81121DBFA41F005711CA /* ViewController.swift */ = {isa = PBXFileReference; lastKnownFileType = sourcecode.swift; path = ViewController.swift; sourceTree = "<group>"; };
		3F4A81151DBFA41F005711CA /* Base */ = {isa = PBXFileReference; lastKnownFileType = file.storyboard; name = Base; path = Base.lproj/Main.storyboard; sourceTree = "<group>"; };
		3F4A81171DBFA41F005711CA /* Assets.xcassets */ = {isa = PBXFileReference; lastKnownFileType = folder.assetcatalog; path = Assets.xcassets; sourceTree = "<group>"; };
		3F4A811A1DBFA41F005711CA /* Base */ = {isa = PBXFileReference; lastKnownFileType = file.storyboard; name = Base; path = Base.lproj/LaunchScreen.storyboard; sourceTree = "<group>"; };
		3F4A811C1DBFA41F005711CA /* Info.plist */ = {isa = PBXFileReference; lastKnownFileType = text.plist.xml; path = Info.plist; sourceTree = "<group>"; };
		3F4A81211DBFA420005711CA /* Weather AppTests.xctest */ = {isa = PBXFileReference; explicitFileType = wrapper.cfbundle; includeInIndex = 0; path = "Weather AppTests.xctest"; sourceTree = BUILT_PRODUCTS_DIR; };
		3F4A81251DBFA420005711CA /* Weather_AppTests.swift */ = {isa = PBXFileReference; lastKnownFileType = sourcecode.swift; path = Weather_AppTests.swift; sourceTree = "<group>"; };
		3F4A81271DBFA420005711CA /* Info.plist */ = {isa = PBXFileReference; lastKnownFileType = text.plist.xml; path = Info.plist; sourceTree = "<group>"; };
		3F4A812C1DBFA420005711CA /* Weather AppUITests.xctest */ = {isa = PBXFileReference; explicitFileType = wrapper.cfbundle; includeInIndex = 0; path = "Weather AppUITests.xctest"; sourceTree = BUILT_PRODUCTS_DIR; };
		3F4A81301DBFA420005711CA /* Weather_AppUITests.swift */ = {isa = PBXFileReference; lastKnownFileType = sourcecode.swift; path = Weather_AppUITests.swift; sourceTree = "<group>"; };
		3F4A81321DBFA420005711CA /* Info.plist */ = {isa = PBXFileReference; lastKnownFileType = text.plist.xml; path = Info.plist; sourceTree = "<group>"; };
		3F8786EC1DC78F8200D71813 /* Hour.swift */ = {isa = PBXFileReference; fileEncoding = 4; lastKnownFileType = sourcecode.swift; name = Hour.swift; path = ../Hour.swift; sourceTree = "<group>"; };
/* End PBXFileReference section */

/* Begin PBXFrameworksBuildPhase section */
		3F4A810A1DBFA41F005711CA /* Frameworks */ = {
			isa = PBXFrameworksBuildPhase;
			buildActionMask = 2147483647;
			files = (
			);
			runOnlyForDeploymentPostprocessing = 0;
		};
		3F4A811E1DBFA420005711CA /* Frameworks */ = {
			isa = PBXFrameworksBuildPhase;
			buildActionMask = 2147483647;
			files = (
			);
			runOnlyForDeploymentPostprocessing = 0;
		};
		3F4A81291DBFA420005711CA /* Frameworks */ = {
			isa = PBXFrameworksBuildPhase;
			buildActionMask = 2147483647;
			files = (
			);
			runOnlyForDeploymentPostprocessing = 0;
		};
/* End PBXFrameworksBuildPhase section */

/* Begin PBXGroup section */
		3F4A81041DBFA41F005711CA = {
			isa = PBXGroup;
			children = (
				3F4A810F1DBFA41F005711CA /* Weather App */,
				3F4A81241DBFA420005711CA /* Weather AppTests */,
				3F4A812F1DBFA420005711CA /* Weather AppUITests */,
				3F4A810E1DBFA41F005711CA /* Products */,
			);
			sourceTree = "<group>";
		};
		3F4A810E1DBFA41F005711CA /* Products */ = {
			isa = PBXGroup;
			children = (
				3F4A810D1DBFA41F005711CA /* Weather App.app */,
				3F4A81211DBFA420005711CA /* Weather AppTests.xctest */,
				3F4A812C1DBFA420005711CA /* Weather AppUITests.xctest */,
			);
			name = Products;
			sourceTree = "<group>";
		};
		3F4A810F1DBFA41F005711CA /* Weather App */ = {
			isa = PBXGroup;
			children = (
				3F4A81101DBFA41F005711CA /* AppDelegate.swift */,
				3F4A81121DBFA41F005711CA /* ViewController.swift */,
				3F8786EC1DC78F8200D71813 /* Hour.swift */,
				3F4A81141DBFA41F005711CA /* Main.storyboard */,
				3F4A81171DBFA41F005711CA /* Assets.xcassets */,
				3F4A81191DBFA41F005711CA /* LaunchScreen.storyboard */,
				3F0563FE1DCA27CD00BAB19F /* SwiftyJSON.swift */,
				3F4A811C1DBFA41F005711CA /* Info.plist */,
			);
			path = "Weather App";
			sourceTree = "<group>";
		};
		3F4A81241DBFA420005711CA /* Weather AppTests */ = {
			isa = PBXGroup;
			children = (
				3F4A81251DBFA420005711CA /* Weather_AppTests.swift */,
				3F4A81271DBFA420005711CA /* Info.plist */,
			);
			path = "Weather AppTests";
			sourceTree = "<group>";
		};
		3F4A812F1DBFA420005711CA /* Weather AppUITests */ = {
			isa = PBXGroup;
			children = (
				3F4A81301DBFA420005711CA /* Weather_AppUITests.swift */,
				3F4A81321DBFA420005711CA /* Info.plist */,
			);
			path = "Weather AppUITests";
			sourceTree = "<group>";
		};
/* End PBXGroup section */

/* Begin PBXNativeTarget section */
		3F4A810C1DBFA41F005711CA /* Weather App */ = {
			isa = PBXNativeTarget;
			buildConfigurationList = 3F4A81351DBFA420005711CA /* Build configuration list for PBXNativeTarget "Weather App" */;
			buildPhases = (
				3F4A81091DBFA41F005711CA /* Sources */,
				3F4A810A1DBFA41F005711CA /* Frameworks */,
				3F4A810B1DBFA41F005711CA /* Resources */,
			);
			buildRules = (
			);
			dependencies = (
			);
			name = "Weather App";
			productName = "Weather App";
			productReference = 3F4A810D1DBFA41F005711CA /* Weather App.app */;
			productType = "com.apple.product-type.application";
		};
		3F4A81201DBFA420005711CA /* Weather AppTests */ = {
			isa = PBXNativeTarget;
			buildConfigurationList = 3F4A81381DBFA420005711CA /* Build configuration list for PBXNativeTarget "Weather AppTests" */;
			buildPhases = (
				3F4A811D1DBFA420005711CA /* Sources */,
				3F4A811E1DBFA420005711CA /* Frameworks */,
				3F4A811F1DBFA420005711CA /* Resources */,
			);
			buildRules = (
			);
			dependencies = (
				3F4A81231DBFA420005711CA /* PBXTargetDependency */,
			);
			name = "Weather AppTests";
			productName = "Weather AppTests";
			productReference = 3F4A81211DBFA420005711CA /* Weather AppTests.xctest */;
			productType = "com.apple.product-type.bundle.unit-test";
		};
		3F4A812B1DBFA420005711CA /* Weather AppUITests */ = {
			isa = PBXNativeTarget;
			buildConfigurationList = 3F4A813B1DBFA420005711CA /* Build configuration list for PBXNativeTarget "Weather AppUITests" */;
			buildPhases = (
				3F4A81281DBFA420005711CA /* Sources */,
				3F4A81291DBFA420005711CA /* Frameworks */,
				3F4A812A1DBFA420005711CA /* Resources */,
			);
			buildRules = (
			);
			dependencies = (
				3F4A812E1DBFA420005711CA /* PBXTargetDependency */,
			);
			name = "Weather AppUITests";
			productName = "Weather AppUITests";
			productReference = 3F4A812C1DBFA420005711CA /* Weather AppUITests.xctest */;
			productType = "com.apple.product-type.bundle.ui-testing";
		};
/* End PBXNativeTarget section */

/* Begin PBXProject section */
		3F4A81051DBFA41F005711CA /* Project object */ = {
			isa = PBXProject;
			attributes = {
				LastSwiftUpdateCheck = 0730;
				LastUpgradeCheck = 0730;
				ORGANIZATIONNAME = Phammel;
				TargetAttributes = {
					3F4A810C1DBFA41F005711CA = {
						CreatedOnToolsVersion = 7.3.1;
						DevelopmentTeam = GV8DVW2DW6;
						LastSwiftMigration = 0820;
					};
					3F4A81201DBFA420005711CA = {
						CreatedOnToolsVersion = 7.3.1;
						DevelopmentTeam = GV8DVW2DW6;
						LastSwiftMigration = 0820;
						TestTargetID = 3F4A810C1DBFA41F005711CA;
					};
					3F4A812B1DBFA420005711CA = {
						CreatedOnToolsVersion = 7.3.1;
						DevelopmentTeam = GV8DVW2DW6;
						LastSwiftMigration = 0820;
						TestTargetID = 3F4A810C1DBFA41F005711CA;
					};
				};
			};
			buildConfigurationList = 3F4A81081DBFA41F005711CA /* Build configuration list for PBXProject "Weather App" */;
			compatibilityVersion = "Xcode 3.2";
			developmentRegion = English;
			hasScannedForEncodings = 0;
			knownRegions = (
				en,
				Base,
			);
			mainGroup = 3F4A81041DBFA41F005711CA;
			productRefGroup = 3F4A810E1DBFA41F005711CA /* Products */;
			projectDirPath = "";
			projectRoot = "";
			targets = (
				3F4A810C1DBFA41F005711CA /* Weather App */,
				3F4A81201DBFA420005711CA /* Weather AppTests */,
				3F4A812B1DBFA420005711CA /* Weather AppUITests */,
			);
		};
/* End PBXProject section */

/* Begin PBXResourcesBuildPhase section */
		3F4A810B1DBFA41F005711CA /* Resources */ = {
			isa = PBXResourcesBuildPhase;
			buildActionMask = 2147483647;
			files = (
				3F4A811B1DBFA41F005711CA /* LaunchScreen.storyboard in Resources */,
				3F4A81181DBFA41F005711CA /* Assets.xcassets in Resources */,
				3F4A81161DBFA41F005711CA /* Main.storyboard in Resources */,
			);
			runOnlyForDeploymentPostprocessing = 0;
		};
		3F4A811F1DBFA420005711CA /* Resources */ = {
			isa = PBXResourcesBuildPhase;
			buildActionMask = 2147483647;
			files = (
			);
			runOnlyForDeploymentPostprocessing = 0;
		};
		3F4A812A1DBFA420005711CA /* Resources */ = {
			isa = PBXResourcesBuildPhase;
			buildActionMask = 2147483647;
			files = (
			);
			runOnlyForDeploymentPostprocessing = 0;
		};
/* End PBXResourcesBuildPhase section */

/* Begin PBXSourcesBuildPhase section */
		3F4A81091DBFA41F005711CA /* Sources */ = {
			isa = PBXSourcesBuildPhase;
			buildActionMask = 2147483647;
			files = (
				3F8786ED1DC78F8200D71813 /* Hour.swift in Sources */,
				3F4A81131DBFA41F005711CA /* ViewController.swift in Sources */,
				3F4A81111DBFA41F005711CA /* AppDelegate.swift in Sources */,
				3F0563FF1DCA27CD00BAB19F /* SwiftyJSON.swift in Sources */,
			);
			runOnlyForDeploymentPostprocessing = 0;
		};
		3F4A811D1DBFA420005711CA /* Sources */ = {
			isa = PBXSourcesBuildPhase;
			buildActionMask = 2147483647;
			files = (
				3F4A81261DBFA420005711CA /* Weather_AppTests.swift in Sources */,
			);
			runOnlyForDeploymentPostprocessing = 0;
		};
		3F4A81281DBFA420005711CA /* Sources */ = {
			isa = PBXSourcesBuildPhase;
			buildActionMask = 2147483647;
			files = (
				3F4A81311DBFA420005711CA /* Weather_AppUITests.swift in Sources */,
			);
			runOnlyForDeploymentPostprocessing = 0;
		};
/* End PBXSourcesBuildPhase section */

/* Begin PBXTargetDependency section */
		3F4A81231DBFA420005711CA /* PBXTargetDependency */ = {
			isa = PBXTargetDependency;
			target = 3F4A810C1DBFA41F005711CA /* Weather App */;
			targetProxy = 3F4A81221DBFA420005711CA /* PBXContainerItemProxy */;
		};
		3F4A812E1DBFA420005711CA /* PBXTargetDependency */ = {
			isa = PBXTargetDependency;
			target = 3F4A810C1DBFA41F005711CA /* Weather App */;
			targetProxy = 3F4A812D1DBFA420005711CA /* PBXContainerItemProxy */;
		};
/* End PBXTargetDependency section */

/* Begin PBXVariantGroup section */
		3F4A81141DBFA41F005711CA /* Main.storyboard */ = {
			isa = PBXVariantGroup;
			children = (
				3F4A81151DBFA41F005711CA /* Base */,
			);
			name = Main.storyboard;
			sourceTree = "<group>";
		};
		3F4A81191DBFA41F005711CA /* LaunchScreen.storyboard */ = {
			isa = PBXVariantGroup;
			children = (
				3F4A811A1DBFA41F005711CA /* Base */,
			);
			name = LaunchScreen.storyboard;
			sourceTree = "<group>";
		};
/* End PBXVariantGroup section */

/* Begin XCBuildConfiguration section */
		3F4A81331DBFA420005711CA /* Debug */ = {
			isa = XCBuildConfiguration;
			buildSettings = {
				ALWAYS_SEARCH_USER_PATHS = NO;
				CLANG_ANALYZER_NONNULL = YES;
				CLANG_CXX_LANGUAGE_STANDARD = "gnu++0x";
				CLANG_CXX_LIBRARY = "libc++";
				CLANG_ENABLE_MODULES = YES;
				CLANG_ENABLE_OBJC_ARC = YES;
				CLANG_WARN_BOOL_CONVERSION = YES;
				CLANG_WARN_CONSTANT_CONVERSION = YES;
				CLANG_WARN_DIRECT_OBJC_ISA_USAGE = YES_ERROR;
				CLANG_WARN_EMPTY_BODY = YES;
				CLANG_WARN_ENUM_CONVERSION = YES;
				CLANG_WARN_INT_CONVERSION = YES;
				CLANG_WARN_OBJC_ROOT_CLASS = YES_ERROR;
				CLANG_WARN_UNREACHABLE_CODE = YES;
				CLANG_WARN__DUPLICATE_METHOD_MATCH = YES;
				"CODE_SIGN_IDENTITY[sdk=iphoneos*]" = "iPhone Developer";
				COPY_PHASE_STRIP = NO;
				DEBUG_INFORMATION_FORMAT = dwarf;
				ENABLE_STRICT_OBJC_MSGSEND = YES;
				ENABLE_TESTABILITY = YES;
				GCC_C_LANGUAGE_STANDARD = gnu99;
				GCC_DYNAMIC_NO_PIC = NO;
				GCC_NO_COMMON_BLOCKS = YES;
				GCC_OPTIMIZATION_LEVEL = 0;
				GCC_PREPROCESSOR_DEFINITIONS = (
					"DEBUG=1",
					"$(inherited)",
				);
				GCC_WARN_64_TO_32_BIT_CONVERSION = YES;
				GCC_WARN_ABOUT_RETURN_TYPE = YES_ERROR;
				GCC_WARN_UNDECLARED_SELECTOR = YES;
				GCC_WARN_UNINITIALIZED_AUTOS = YES_AGGRESSIVE;
				GCC_WARN_UNUSED_FUNCTION = YES;
				GCC_WARN_UNUSED_VARIABLE = YES;
				IPHONEOS_DEPLOYMENT_TARGET = 9.3;
				MTL_ENABLE_DEBUG_INFO = YES;
				ONLY_ACTIVE_ARCH = YES;
				SDKROOT = iphoneos;
				SWIFT_OPTIMIZATION_LEVEL = "-Onone";
				TARGETED_DEVICE_FAMILY = "1,2";
			};
			name = Debug;
		};
		3F4A81341DBFA420005711CA /* Release */ = {
			isa = XCBuildConfiguration;
			buildSettings = {
				ALWAYS_SEARCH_USER_PATHS = NO;
				CLANG_ANALYZER_NONNULL = YES;
				CLANG_CXX_LANGUAGE_STANDARD = "gnu++0x";
				CLANG_CXX_LIBRARY = "libc++";
				CLANG_ENABLE_MODULES = YES;
				CLANG_ENABLE_OBJC_ARC = YES;
				CLANG_WARN_BOOL_CONVERSION = YES;
				CLANG_WARN_CONSTANT_CONVERSION = YES;
				CLANG_WARN_DIRECT_OBJC_ISA_USAGE = YES_ERROR;
				CLANG_WARN_EMPTY_BODY = YES;
				CLANG_WARN_ENUM_CONVERSION = YES;
				CLANG_WARN_INT_CONVERSION = YES;
				CLANG_WARN_OBJC_ROOT_CLASS = YES_ERROR;
				CLANG_WARN_UNREACHABLE_CODE = YES;
				CLANG_WARN__DUPLICATE_METHOD_MATCH = YES;
				"CODE_SIGN_IDENTITY[sdk=iphoneos*]" = "iPhone Developer";
				COPY_PHASE_STRIP = NO;
				DEBUG_INFORMATION_FORMAT = "dwarf-with-dsym";
				ENABLE_NS_ASSERTIONS = NO;
				ENABLE_STRICT_OBJC_MSGSEND = YES;
				GCC_C_LANGUAGE_STANDARD = gnu99;
				GCC_NO_COMMON_BLOCKS = YES;
				GCC_WARN_64_TO_32_BIT_CONVERSION = YES;
				GCC_WARN_ABOUT_RETURN_TYPE = YES_ERROR;
				GCC_WARN_UNDECLARED_SELECTOR = YES;
				GCC_WARN_UNINITIALIZED_AUTOS = YES_AGGRESSIVE;
				GCC_WARN_UNUSED_FUNCTION = YES;
				GCC_WARN_UNUSED_VARIABLE = YES;
				IPHONEOS_DEPLOYMENT_TARGET = 9.3;
				MTL_ENABLE_DEBUG_INFO = NO;
				SDKROOT = iphoneos;
				TARGETED_DEVICE_FAMILY = "1,2";
				VALIDATE_PRODUCT = YES;
			};
			name = Release;
		};
		3F4A81361DBFA420005711CA /* Debug */ = {
			isa = XCBuildConfiguration;
			buildSettings = {
				ASSETCATALOG_COMPILER_APPICON_NAME = AppIcon;
				INFOPLIST_FILE = "Weather App/Info.plist";
				LD_RUNPATH_SEARCH_PATHS = "$(inherited) @executable_path/Frameworks";
				PRODUCT_BUNDLE_IDENTIFIER = "Phammel.Weather-App";
				PRODUCT_NAME = "$(TARGET_NAME)";
				SWIFT_VERSION = 3.0;
			};
			name = Debug;
		};
		3F4A81371DBFA420005711CA /* Release */ = {
			isa = XCBuildConfiguration;
			buildSettings = {
				ASSETCATALOG_COMPILER_APPICON_NAME = AppIcon;
				INFOPLIST_FILE = "Weather App/Info.plist";
				LD_RUNPATH_SEARCH_PATHS = "$(inherited) @executable_path/Frameworks";
				PRODUCT_BUNDLE_IDENTIFIER = "Phammel.Weather-App";
				PRODUCT_NAME = "$(TARGET_NAME)";
				SWIFT_VERSION = 3.0;
			};
			name = Release;
		};
		3F4A81391DBFA420005711CA /* Debug */ = {
			isa = XCBuildConfiguration;
			buildSettings = {
				BUNDLE_LOADER = "$(TEST_HOST)";
				INFOPLIST_FILE = "Weather AppTests/Info.plist";
				LD_RUNPATH_SEARCH_PATHS = "$(inherited) @executable_path/Frameworks @loader_path/Frameworks";
				PRODUCT_BUNDLE_IDENTIFIER = "Phammel.Weather-AppTests";
				PRODUCT_NAME = "$(TARGET_NAME)";
				SWIFT_VERSION = 3.0;
				TEST_HOST = "$(BUILT_PRODUCTS_DIR)/Weather App.app/Weather App";
			};
			name = Debug;
		};
		3F4A813A1DBFA420005711CA /* Release */ = {
			isa = XCBuildConfiguration;
			buildSettings = {
				BUNDLE_LOADER = "$(TEST_HOST)";
				INFOPLIST_FILE = "Weather AppTests/Info.plist";
				LD_RUNPATH_SEARCH_PATHS = "$(inherited) @executable_path/Frameworks @loader_path/Frameworks";
				PRODUCT_BUNDLE_IDENTIFIER = "Phammel.Weather-AppTests";
				PRODUCT_NAME = "$(TARGET_NAME)";
				SWIFT_VERSION = 3.0;
				TEST_HOST = "$(BUILT_PRODUCTS_DIR)/Weather App.app/Weather App";
			};
			name = Release;
		};
		3F4A813C1DBFA420005711CA /* Debug */ = {
			isa = XCBuildConfiguration;
			buildSettings = {
				INFOPLIST_FILE = "Weather AppUITests/Info.plist";
				LD_RUNPATH_SEARCH_PATHS = "$(inherited) @executable_path/Frameworks @loader_path/Frameworks";
				PRODUCT_BUNDLE_IDENTIFIER = "Phammel.Weather-AppUITests";
				PRODUCT_NAME = "$(TARGET_NAME)";
				SWIFT_VERSION = 3.0;
				TEST_TARGET_NAME = "Weather App";
			};
			name = Debug;
		};
		3F4A813D1DBFA420005711CA /* Release */ = {
			isa = XCBuildConfiguration;
			buildSettings = {
				INFOPLIST_FILE = "Weather AppUITests/Info.plist";
				LD_RUNPATH_SEARCH_PATHS = "$(inherited) @executable_path/Frameworks @loader_path/Frameworks";
				PRODUCT_BUNDLE_IDENTIFIER = "Phammel.Weather-AppUITests";
				PRODUCT_NAME = "$(TARGET_NAME)";
				SWIFT_VERSION = 3.0;
				TEST_TARGET_NAME = "Weather App";
			};
			name = Release;
		};
/* End XCBuildConfiguration section */

/* Begin XCConfigurationList section */
		3F4A81081DBFA41F005711CA /* Build configuration list for PBXProject "Weather App" */ = {
			isa = XCConfigurationList;
			buildConfigurations = (
				3F4A81331DBFA420005711CA /* Debug */,
				3F4A81341DBFA420005711CA /* Release */,
			);
			defaultConfigurationIsVisible = 0;
			defaultConfigurationName = Release;
		};
		3F4A81351DBFA420005711CA /* Build configuration list for PBXNativeTarget "Weather App" */ = {
			isa = XCConfigurationList;
			buildConfigurations = (
				3F4A81361DBFA420005711CA /* Debug */,
				3F4A81371DBFA420005711CA /* Release */,
			);
			defaultConfigurationIsVisible = 0;
			defaultConfigurationName = Release;
		};
		3F4A81381DBFA420005711CA /* Build configuration list for PBXNativeTarget "Weather AppTests" */ = {
			isa = XCConfigurationList;
			buildConfigurations = (
				3F4A81391DBFA420005711CA /* Debug */,
				3F4A813A1DBFA420005711CA /* Release */,
			);
			defaultConfigurationIsVisible = 0;
			defaultConfigurationName = Release;
		};
		3F4A813B1DBFA420005711CA /* Build configuration list for PBXNativeTarget "Weather AppUITests" */ = {
			isa = XCConfigurationList;
			buildConfigurations = (
				3F4A813C1DBFA420005711CA /* Debug */,
				3F4A813D1DBFA420005711CA /* Release */,
			);
			defaultConfigurationIsVisible = 0;
			defaultConfigurationName = Release;
		};
/* End XCConfigurationList section */
	};
	rootObject = 3F4A81051DBFA41F005711CA /* Project object */;
}
